// !$*UTF8*$!
{
	archiveVersion = 1;
	classes = {
	};
	objectVersion = 46;
	objects = {

/* Begin PBXBuildFile section */
		3A1FF0B91C00382A00E9E98F /* TileCell.xib in Resources */ = {isa = PBXBuildFile; fileRef = 3A1FF0B71C00382A00E9E98F /* TileCell.xib */; };
		3A1FF0BC1C003AEF00E9E98F /* TileCell.m in Sources */ = {isa = PBXBuildFile; fileRef = 3A1FF0BB1C003AEF00E9E98F /* TileCell.m */; };
		3A5320A91C16A7EA00144B07 /* GalleryToTilesSegue.m in Sources */ = {isa = PBXBuildFile; fileRef = 3A5320A81C16A7EA00144B07 /* GalleryToTilesSegue.m */; };
		C40278981C082EC2006F4938 /* Secrets.h.example in Resources */ = {isa = PBXBuildFile; fileRef = C40278971C082EC2006F4938 /* Secrets.h.example */; };
		C402789B1C0839E7006F4938 /* WelcomeViewController.m in Sources */ = {isa = PBXBuildFile; fileRef = C402789A1C0839E7006F4938 /* WelcomeViewController.m */; };
		C4E718071C06762600240801 /* GalleryViewController.m in Sources */ = {isa = PBXBuildFile; fileRef = C4E718061C06762600240801 /* GalleryViewController.m */; };
		C4E7180E1C0677C800240801 /* ChooserImageCollectionViewCell.m in Sources */ = {isa = PBXBuildFile; fileRef = C4E7180C1C0677C800240801 /* ChooserImageCollectionViewCell.m */; };
		C4E7180F1C0677C800240801 /* ChooserImageCollectionViewCell.xib in Resources */ = {isa = PBXBuildFile; fileRef = C4E7180D1C0677C800240801 /* ChooserImageCollectionViewCell.xib */; };
		EC5440961BFEC463001E3005 /* GridView.m in Sources */ = {isa = PBXBuildFile; fileRef = EC5440951BFEC463001E3005 /* GridView.m */; };
		ECFEE9551BFEA7EB004E04AF /* main.m in Sources */ = {isa = PBXBuildFile; fileRef = ECFEE9541BFEA7EB004E04AF /* main.m */; };
		ECFEE9581BFEA7EB004E04AF /* AppDelegate.m in Sources */ = {isa = PBXBuildFile; fileRef = ECFEE9571BFEA7EB004E04AF /* AppDelegate.m */; };
		ECFEE95B1BFEA7EB004E04AF /* TilesViewController.m in Sources */ = {isa = PBXBuildFile; fileRef = ECFEE95A1BFEA7EB004E04AF /* TilesViewController.m */; };
		ECFEE95E1BFEA7EB004E04AF /* Main.storyboard in Resources */ = {isa = PBXBuildFile; fileRef = ECFEE95C1BFEA7EB004E04AF /* Main.storyboard */; };
		ECFEE9601BFEA7EB004E04AF /* Assets.xcassets in Resources */ = {isa = PBXBuildFile; fileRef = ECFEE95F1BFEA7EB004E04AF /* Assets.xcassets */; };
		ECFEE9631BFEA7EB004E04AF /* LaunchScreen.storyboard in Resources */ = {isa = PBXBuildFile; fileRef = ECFEE9611BFEA7EB004E04AF /* LaunchScreen.storyboard */; };
		EDFB5149C9DB26B0172885C5 /* libPods-SocialMosaic.a in Frameworks */ = {isa = PBXBuildFile; fileRef = 15D9EDF2DEC11295384D79FF /* libPods-SocialMosaic.a */; };
/* End PBXBuildFile section */

/* Begin PBXFileReference section */
		15D9EDF2DEC11295384D79FF /* libPods-SocialMosaic.a */ = {isa = PBXFileReference; explicitFileType = archive.ar; includeInIndex = 0; path = "libPods-SocialMosaic.a"; sourceTree = BUILT_PRODUCTS_DIR; };
		3A1FF0B71C00382A00E9E98F /* TileCell.xib */ = {isa = PBXFileReference; fileEncoding = 4; lastKnownFileType = file.xib; path = TileCell.xib; sourceTree = "<group>"; };
		3A1FF0BA1C003AEF00E9E98F /* TileCell.h */ = {isa = PBXFileReference; fileEncoding = 4; lastKnownFileType = sourcecode.c.h; path = TileCell.h; sourceTree = "<group>"; };
		3A1FF0BB1C003AEF00E9E98F /* TileCell.m */ = {isa = PBXFileReference; fileEncoding = 4; lastKnownFileType = sourcecode.c.objc; path = TileCell.m; sourceTree = "<group>"; };
		3A5320A71C16A7EA00144B07 /* GalleryToTilesSegue.h */ = {isa = PBXFileReference; fileEncoding = 4; lastKnownFileType = sourcecode.c.h; path = GalleryToTilesSegue.h; sourceTree = "<group>"; };
		3A5320A81C16A7EA00144B07 /* GalleryToTilesSegue.m */ = {isa = PBXFileReference; fileEncoding = 4; lastKnownFileType = sourcecode.c.objc; path = GalleryToTilesSegue.m; sourceTree = "<group>"; };
		A3FA0419CCF5C74A0517EEAD /* Pods-SocialMosaic.release.xcconfig */ = {isa = PBXFileReference; includeInIndex = 1; lastKnownFileType = text.xcconfig; name = "Pods-SocialMosaic.release.xcconfig"; path = "Pods/Target Support Files/Pods-SocialMosaic/Pods-SocialMosaic.release.xcconfig"; sourceTree = "<group>"; };
		C40278961C082EC2006F4938 /* Secrets.h */ = {isa = PBXFileReference; fileEncoding = 4; lastKnownFileType = sourcecode.c.h; path = Secrets.h; sourceTree = "<group>"; };
		C40278971C082EC2006F4938 /* Secrets.h.example */ = {isa = PBXFileReference; fileEncoding = 4; lastKnownFileType = text; path = Secrets.h.example; sourceTree = "<group>"; };
		C40278991C0839E7006F4938 /* WelcomeViewController.h */ = {isa = PBXFileReference; fileEncoding = 4; lastKnownFileType = sourcecode.c.h; path = WelcomeViewController.h; sourceTree = "<group>"; };
		C402789A1C0839E7006F4938 /* WelcomeViewController.m */ = {isa = PBXFileReference; fileEncoding = 4; lastKnownFileType = sourcecode.c.objc; path = WelcomeViewController.m; sourceTree = "<group>"; };
		C4E718051C06762600240801 /* GalleryViewController.h */ = {isa = PBXFileReference; fileEncoding = 4; lastKnownFileType = sourcecode.c.h; path = GalleryViewController.h; sourceTree = "<group>"; };
		C4E718061C06762600240801 /* GalleryViewController.m */ = {isa = PBXFileReference; fileEncoding = 4; lastKnownFileType = sourcecode.c.objc; path = GalleryViewController.m; sourceTree = "<group>"; };
		C4E7180B1C0677C800240801 /* ChooserImageCollectionViewCell.h */ = {isa = PBXFileReference; fileEncoding = 4; lastKnownFileType = sourcecode.c.h; path = ChooserImageCollectionViewCell.h; sourceTree = "<group>"; };
		C4E7180C1C0677C800240801 /* ChooserImageCollectionViewCell.m */ = {isa = PBXFileReference; fileEncoding = 4; lastKnownFileType = sourcecode.c.objc; path = ChooserImageCollectionViewCell.m; sourceTree = "<group>"; };
		C4E7180D1C0677C800240801 /* ChooserImageCollectionViewCell.xib */ = {isa = PBXFileReference; fileEncoding = 4; lastKnownFileType = file.xib; path = ChooserImageCollectionViewCell.xib; sourceTree = "<group>"; };
		D6B8128100371E815BC8DF80 /* Pods-SocialMosaic.debug.xcconfig */ = {isa = PBXFileReference; includeInIndex = 1; lastKnownFileType = text.xcconfig; name = "Pods-SocialMosaic.debug.xcconfig"; path = "Pods/Target Support Files/Pods-SocialMosaic/Pods-SocialMosaic.debug.xcconfig"; sourceTree = "<group>"; };
		EC5440941BFEC463001E3005 /* GridView.h */ = {isa = PBXFileReference; fileEncoding = 4; lastKnownFileType = sourcecode.c.h; path = GridView.h; sourceTree = "<group>"; };
		EC5440951BFEC463001E3005 /* GridView.m */ = {isa = PBXFileReference; fileEncoding = 4; lastKnownFileType = sourcecode.c.objc; path = GridView.m; sourceTree = "<group>"; };
		ECFEE9501BFEA7EB004E04AF /* SocialMosaic.app */ = {isa = PBXFileReference; explicitFileType = wrapper.application; includeInIndex = 0; path = SocialMosaic.app; sourceTree = BUILT_PRODUCTS_DIR; };
		ECFEE9541BFEA7EB004E04AF /* main.m */ = {isa = PBXFileReference; lastKnownFileType = sourcecode.c.objc; path = main.m; sourceTree = "<group>"; };
		ECFEE9561BFEA7EB004E04AF /* AppDelegate.h */ = {isa = PBXFileReference; lastKnownFileType = sourcecode.c.h; path = AppDelegate.h; sourceTree = "<group>"; };
		ECFEE9571BFEA7EB004E04AF /* AppDelegate.m */ = {isa = PBXFileReference; lastKnownFileType = sourcecode.c.objc; path = AppDelegate.m; sourceTree = "<group>"; };
		ECFEE9591BFEA7EB004E04AF /* TilesViewController.h */ = {isa = PBXFileReference; lastKnownFileType = sourcecode.c.h; path = TilesViewController.h; sourceTree = "<group>"; };
		ECFEE95A1BFEA7EB004E04AF /* TilesViewController.m */ = {isa = PBXFileReference; lastKnownFileType = sourcecode.c.objc; path = TilesViewController.m; sourceTree = "<group>"; };
		ECFEE95D1BFEA7EB004E04AF /* Base */ = {isa = PBXFileReference; lastKnownFileType = file.storyboard; name = Base; path = Base.lproj/Main.storyboard; sourceTree = "<group>"; };
		ECFEE95F1BFEA7EB004E04AF /* Assets.xcassets */ = {isa = PBXFileReference; lastKnownFileType = folder.assetcatalog; path = Assets.xcassets; sourceTree = "<group>"; };
		ECFEE9621BFEA7EB004E04AF /* Base */ = {isa = PBXFileReference; lastKnownFileType = file.storyboard; name = Base; path = Base.lproj/LaunchScreen.storyboard; sourceTree = "<group>"; };
		ECFEE9641BFEA7EB004E04AF /* Info.plist */ = {isa = PBXFileReference; lastKnownFileType = text.plist.xml; path = Info.plist; sourceTree = "<group>"; };
/* End PBXFileReference section */

/* Begin PBXFrameworksBuildPhase section */
		ECFEE94D1BFEA7EB004E04AF /* Frameworks */ = {
			isa = PBXFrameworksBuildPhase;
			buildActionMask = 2147483647;
			files = (
				EDFB5149C9DB26B0172885C5 /* libPods-SocialMosaic.a in Frameworks */,
			);
			runOnlyForDeploymentPostprocessing = 0;
		};
/* End PBXFrameworksBuildPhase section */

/* Begin PBXGroup section */
		64696AB96A5A1DF1AE545220 /* Pods */ = {
			isa = PBXGroup;
			children = (
				D6B8128100371E815BC8DF80 /* Pods-SocialMosaic.debug.xcconfig */,
				A3FA0419CCF5C74A0517EEAD /* Pods-SocialMosaic.release.xcconfig */,
			);
			name = Pods;
			sourceTree = "<group>";
		};
		D0444E49E23A8B87DB2A68FB /* Frameworks */ = {
			isa = PBXGroup;
			children = (
				15D9EDF2DEC11295384D79FF /* libPods-SocialMosaic.a */,
			);
			name = Frameworks;
			sourceTree = "<group>";
		};
		EC5440921BFEC3D9001E3005 /* View Controllers */ = {
			isa = PBXGroup;
			children = (
				ECFEE9591BFEA7EB004E04AF /* TilesViewController.h */,
				ECFEE95A1BFEA7EB004E04AF /* TilesViewController.m */,
				C4E718051C06762600240801 /* GalleryViewController.h */,
				C4E718061C06762600240801 /* GalleryViewController.m */,
				C40278991C0839E7006F4938 /* WelcomeViewController.h */,
				C402789A1C0839E7006F4938 /* WelcomeViewController.m */,
			);
			name = "View Controllers";
			sourceTree = "<group>";
		};
		EC5440931BFEC3E4001E3005 /* Views */ = {
			isa = PBXGroup;
			children = (
				EC5440941BFEC463001E3005 /* GridView.h */,
				EC5440951BFEC463001E3005 /* GridView.m */,
				3A1FF0BA1C003AEF00E9E98F /* TileCell.h */,
				3A1FF0BB1C003AEF00E9E98F /* TileCell.m */,
				3A1FF0B71C00382A00E9E98F /* TileCell.xib */,
				C4E7180B1C0677C800240801 /* ChooserImageCollectionViewCell.h */,
				C4E7180C1C0677C800240801 /* ChooserImageCollectionViewCell.m */,
				C4E7180D1C0677C800240801 /* ChooserImageCollectionViewCell.xib */,
			);
			name = Views;
			sourceTree = "<group>";
		};
		ECFEE9471BFEA7EB004E04AF = {
			isa = PBXGroup;
			children = (
				ECFEE9521BFEA7EB004E04AF /* SocialMosaic */,
				ECFEE9511BFEA7EB004E04AF /* Products */,
				64696AB96A5A1DF1AE545220 /* Pods */,
				D0444E49E23A8B87DB2A68FB /* Frameworks */,
			);
			sourceTree = "<group>";
		};
		ECFEE9511BFEA7EB004E04AF /* Products */ = {
			isa = PBXGroup;
			children = (
				ECFEE9501BFEA7EB004E04AF /* SocialMosaic.app */,
			);
			name = Products;
			sourceTree = "<group>";
		};
		ECFEE9521BFEA7EB004E04AF /* SocialMosaic */ = {
			isa = PBXGroup;
			children = (
				EC5440931BFEC3E4001E3005 /* Views */,
				EC5440921BFEC3D9001E3005 /* View Controllers */,
				ECFEE9561BFEA7EB004E04AF /* AppDelegate.h */,
				ECFEE9571BFEA7EB004E04AF /* AppDelegate.m */,
				ECFEE95C1BFEA7EB004E04AF /* Main.storyboard */,
				ECFEE95F1BFEA7EB004E04AF /* Assets.xcassets */,
				ECFEE9611BFEA7EB004E04AF /* LaunchScreen.storyboard */,
				ECFEE9641BFEA7EB004E04AF /* Info.plist */,
				ECFEE9531BFEA7EB004E04AF /* Supporting Files */,
				3A5320A71C16A7EA00144B07 /* GalleryToTilesSegue.h */,
				3A5320A81C16A7EA00144B07 /* GalleryToTilesSegue.m */,
			);
			path = SocialMosaic;
			sourceTree = "<group>";
		};
		ECFEE9531BFEA7EB004E04AF /* Supporting Files */ = {
			isa = PBXGroup;
			children = (
				C40278961C082EC2006F4938 /* Secrets.h */,
				C40278971C082EC2006F4938 /* Secrets.h.example */,
				ECFEE9541BFEA7EB004E04AF /* main.m */,
			);
			name = "Supporting Files";
			sourceTree = "<group>";
		};
/* End PBXGroup section */

/* Begin PBXNativeTarget section */
		ECFEE94F1BFEA7EB004E04AF /* SocialMosaic */ = {
			isa = PBXNativeTarget;
			buildConfigurationList = ECFEE9671BFEA7EB004E04AF /* Build configuration list for PBXNativeTarget "SocialMosaic" */;
			buildPhases = (
				87DA7670A355802345925509 /* Check Pods Manifest.lock */,
				ECFEE94C1BFEA7EB004E04AF /* Sources */,
				ECFEE94D1BFEA7EB004E04AF /* Frameworks */,
				ECFEE94E1BFEA7EB004E04AF /* Resources */,
				6120D2D5F8FF786DE7C4DEB9 /* Embed Pods Frameworks */,
				6D2D19552362DCCFBD5EE3DB /* Copy Pods Resources */,
			);
			buildRules = (
			);
			dependencies = (
			);
			name = SocialMosaic;
			productName = SocialMosaic;
			productReference = ECFEE9501BFEA7EB004E04AF /* SocialMosaic.app */;
			productType = "com.apple.product-type.application";
		};
/* End PBXNativeTarget section */

/* Begin PBXProject section */
		ECFEE9481BFEA7EB004E04AF /* Project object */ = {
			isa = PBXProject;
			attributes = {
				LastUpgradeCheck = 0710;
				ORGANIZATIONNAME = SocialMosaic;
				TargetAttributes = {
					ECFEE94F1BFEA7EB004E04AF = {
						CreatedOnToolsVersion = 7.1;
						DevelopmentTeam = 5VY22XSMEX;
					};
				};
			};
			buildConfigurationList = ECFEE94B1BFEA7EB004E04AF /* Build configuration list for PBXProject "SocialMosaic" */;
			compatibilityVersion = "Xcode 3.2";
			developmentRegion = English;
			hasScannedForEncodings = 0;
			knownRegions = (
				en,
				Base,
			);
			mainGroup = ECFEE9471BFEA7EB004E04AF;
			productRefGroup = ECFEE9511BFEA7EB004E04AF /* Products */;
			projectDirPath = "";
			projectRoot = "";
			targets = (
				ECFEE94F1BFEA7EB004E04AF /* SocialMosaic */,
			);
		};
/* End PBXProject section */

/* Begin PBXResourcesBuildPhase section */
		ECFEE94E1BFEA7EB004E04AF /* Resources */ = {
			isa = PBXResourcesBuildPhase;
			buildActionMask = 2147483647;
			files = (
				C4E7180F1C0677C800240801 /* ChooserImageCollectionViewCell.xib in Resources */,
				ECFEE9631BFEA7EB004E04AF /* LaunchScreen.storyboard in Resources */,
				ECFEE9601BFEA7EB004E04AF /* Assets.xcassets in Resources */,
				ECFEE95E1BFEA7EB004E04AF /* Main.storyboard in Resources */,
				C40278981C082EC2006F4938 /* Secrets.h.example in Resources */,
				3A1FF0B91C00382A00E9E98F /* TileCell.xib in Resources */,
			);
			runOnlyForDeploymentPostprocessing = 0;
		};
/* End PBXResourcesBuildPhase section */

/* Begin PBXShellScriptBuildPhase section */
		6120D2D5F8FF786DE7C4DEB9 /* Embed Pods Frameworks */ = {
			isa = PBXShellScriptBuildPhase;
			buildActionMask = 2147483647;
			files = (
			);
			inputPaths = (
			);
			name = "Embed Pods Frameworks";
			outputPaths = (
			);
			runOnlyForDeploymentPostprocessing = 0;
			shellPath = /bin/sh;
			shellScript = "\"${SRCROOT}/Pods/Target Support Files/Pods-SocialMosaic/Pods-SocialMosaic-frameworks.sh\"\n";
			showEnvVarsInLog = 0;
		};
		6D2D19552362DCCFBD5EE3DB /* Copy Pods Resources */ = {
			isa = PBXShellScriptBuildPhase;
			buildActionMask = 2147483647;
			files = (
			);
			inputPaths = (
			);
			name = "Copy Pods Resources";
			outputPaths = (
			);
			runOnlyForDeploymentPostprocessing = 0;
			shellPath = /bin/sh;
			shellScript = "\"${SRCROOT}/Pods/Target Support Files/Pods-SocialMosaic/Pods-SocialMosaic-resources.sh\"\n";
			showEnvVarsInLog = 0;
		};
		87DA7670A355802345925509 /* Check Pods Manifest.lock */ = {
			isa = PBXShellScriptBuildPhase;
			buildActionMask = 2147483647;
			files = (
			);
			inputPaths = (
			);
			name = "Check Pods Manifest.lock";
			outputPaths = (
			);
			runOnlyForDeploymentPostprocessing = 0;
			shellPath = /bin/sh;
			shellScript = "diff \"${PODS_ROOT}/../Podfile.lock\" \"${PODS_ROOT}/Manifest.lock\" > /dev/null\nif [[ $? != 0 ]] ; then\n    cat << EOM\nerror: The sandbox is not in sync with the Podfile.lock. Run 'pod install' or update your CocoaPods installation.\nEOM\n    exit 1\nfi\n";
			showEnvVarsInLog = 0;
		};
/* End PBXShellScriptBuildPhase section */

/* Begin PBXSourcesBuildPhase section */
		ECFEE94C1BFEA7EB004E04AF /* Sources */ = {
			isa = PBXSourcesBuildPhase;
			buildActionMask = 2147483647;
			files = (
				ECFEE95B1BFEA7EB004E04AF /* TilesViewController.m in Sources */,
				ECFEE9581BFEA7EB004E04AF /* AppDelegate.m in Sources */,
				3A1FF0BC1C003AEF00E9E98F /* TileCell.m in Sources */,
				3A5320A91C16A7EA00144B07 /* GalleryToTilesSegue.m in Sources */,
				C4E7180E1C0677C800240801 /* ChooserImageCollectionViewCell.m in Sources */,
				EC5440961BFEC463001E3005 /* GridView.m in Sources */,
				C402789B1C0839E7006F4938 /* WelcomeViewController.m in Sources */,
				ECFEE9551BFEA7EB004E04AF /* main.m in Sources */,
				C4E718071C06762600240801 /* GalleryViewController.m in Sources */,
			);
			runOnlyForDeploymentPostprocessing = 0;
		};
/* End PBXSourcesBuildPhase section */

/* Begin PBXVariantGroup section */
		ECFEE95C1BFEA7EB004E04AF /* Main.storyboard */ = {
			isa = PBXVariantGroup;
			children = (
				ECFEE95D1BFEA7EB004E04AF /* Base */,
			);
			name = Main.storyboard;
			sourceTree = "<group>";
		};
		ECFEE9611BFEA7EB004E04AF /* LaunchScreen.storyboard */ = {
			isa = PBXVariantGroup;
			children = (
				ECFEE9621BFEA7EB004E04AF /* Base */,
			);
			name = LaunchScreen.storyboard;
			sourceTree = "<group>";
		};
/* End PBXVariantGroup section */

/* Begin XCBuildConfiguration section */
		ECFEE9651BFEA7EB004E04AF /* Debug */ = {
			isa = XCBuildConfiguration;
			buildSettings = {
				ALWAYS_SEARCH_USER_PATHS = NO;
				CLANG_CXX_LANGUAGE_STANDARD = "gnu++0x";
				CLANG_CXX_LIBRARY = "libc++";
				CLANG_ENABLE_MODULES = YES;
				CLANG_ENABLE_OBJC_ARC = YES;
				CLANG_WARN_BOOL_CONVERSION = YES;
				CLANG_WARN_CONSTANT_CONVERSION = YES;
				CLANG_WARN_DIRECT_OBJC_ISA_USAGE = YES_ERROR;
				CLANG_WARN_EMPTY_BODY = YES;
				CLANG_WARN_ENUM_CONVERSION = YES;
				CLANG_WARN_INT_CONVERSION = YES;
				CLANG_WARN_OBJC_ROOT_CLASS = YES_ERROR;
				CLANG_WARN_UNREACHABLE_CODE = YES;
				CLANG_WARN__DUPLICATE_METHOD_MATCH = YES;
				"CODE_SIGN_IDENTITY[sdk=iphoneos*]" = "iPhone Developer";
				COPY_PHASE_STRIP = NO;
				DEBUG_INFORMATION_FORMAT = dwarf;
				ENABLE_STRICT_OBJC_MSGSEND = YES;
				ENABLE_TESTABILITY = YES;
				GCC_C_LANGUAGE_STANDARD = gnu99;
				GCC_DYNAMIC_NO_PIC = NO;
				GCC_NO_COMMON_BLOCKS = YES;
				GCC_OPTIMIZATION_LEVEL = 0;
				GCC_PREPROCESSOR_DEFINITIONS = (
					"DEBUG=1",
					"$(inherited)",
				);
				GCC_WARN_64_TO_32_BIT_CONVERSION = YES;
				GCC_WARN_ABOUT_RETURN_TYPE = YES_ERROR;
				GCC_WARN_UNDECLARED_SELECTOR = YES;
				GCC_WARN_UNINITIALIZED_AUTOS = YES_AGGRESSIVE;
				GCC_WARN_UNUSED_FUNCTION = YES;
				GCC_WARN_UNUSED_VARIABLE = YES;
				IPHONEOS_DEPLOYMENT_TARGET = 9.1;
				MTL_ENABLE_DEBUG_INFO = YES;
				ONLY_ACTIVE_ARCH = YES;
				SDKROOT = iphoneos;
				TARGETED_DEVICE_FAMILY = "1,2";
			};
			name = Debug;
		};
		ECFEE9661BFEA7EB004E04AF /* Release */ = {
			isa = XCBuildConfiguration;
			buildSettings = {
				ALWAYS_SEARCH_USER_PATHS = NO;
				CLANG_CXX_LANGUAGE_STANDARD = "gnu++0x";
				CLANG_CXX_LIBRARY = "libc++";
				CLANG_ENABLE_MODULES = YES;
				CLANG_ENABLE_OBJC_ARC = YES;
				CLANG_WARN_BOOL_CONVERSION = YES;
				CLANG_WARN_CONSTANT_CONVERSION = YES;
				CLANG_WARN_DIRECT_OBJC_ISA_USAGE = YES_ERROR;
				CLANG_WARN_EMPTY_BODY = YES;
				CLANG_WARN_ENUM_CONVERSION = YES;
				CLANG_WARN_INT_CONVERSION = YES;
				CLANG_WARN_OBJC_ROOT_CLASS = YES_ERROR;
				CLANG_WARN_UNREACHABLE_CODE = YES;
				CLANG_WARN__DUPLICATE_METHOD_MATCH = YES;
				"CODE_SIGN_IDENTITY[sdk=iphoneos*]" = "iPhone Developer";
				COPY_PHASE_STRIP = NO;
				DEBUG_INFORMATION_FORMAT = "dwarf-with-dsym";
				ENABLE_NS_ASSERTIONS = NO;
				ENABLE_STRICT_OBJC_MSGSEND = YES;
				GCC_C_LANGUAGE_STANDARD = gnu99;
				GCC_NO_COMMON_BLOCKS = YES;
				GCC_WARN_64_TO_32_BIT_CONVERSION = YES;
				GCC_WARN_ABOUT_RETURN_TYPE = YES_ERROR;
				GCC_WARN_UNDECLARED_SELECTOR = YES;
				GCC_WARN_UNINITIALIZED_AUTOS = YES_AGGRESSIVE;
				GCC_WARN_UNUSED_FUNCTION = YES;
				GCC_WARN_UNUSED_VARIABLE = YES;
				IPHONEOS_DEPLOYMENT_TARGET = 9.1;
				MTL_ENABLE_DEBUG_INFO = NO;
				SDKROOT = iphoneos;
				TARGETED_DEVICE_FAMILY = "1,2";
				VALIDATE_PRODUCT = YES;
			};
			name = Release;
		};
		ECFEE9681BFEA7EB004E04AF /* Debug */ = {
			isa = XCBuildConfiguration;
			baseConfigurationReference = D6B8128100371E815BC8DF80 /* Pods-SocialMosaic.debug.xcconfig */;
			buildSettings = {
				ASSETCATALOG_COMPILER_APPICON_NAME = AppIcon;
				CODE_SIGN_IDENTITY = "iPhone Developer";
				"CODE_SIGN_IDENTITY[sdk=iphoneos*]" = "iPhone Developer";
				INFOPLIST_FILE = SocialMosaic/Info.plist;
				LD_RUNPATH_SEARCH_PATHS = "$(inherited) @executable_path/Frameworks";
				PRODUCT_BUNDLE_IDENTIFIER = com.getsocialmosaic.SocialMosaic;
				PRODUCT_NAME = "$(TARGET_NAME)";
				PROVISIONING_PROFILE = "";
			};
			name = Debug;
		};
		ECFEE9691BFEA7EB004E04AF /* Release */ = {
			isa = XCBuildConfiguration;
			baseConfigurationReference = A3FA0419CCF5C74A0517EEAD /* Pods-SocialMosaic.release.xcconfig */;
			buildSettings = {
				ASSETCATALOG_COMPILER_APPICON_NAME = AppIcon;
				CODE_SIGN_IDENTITY = "iPhone Developer";
				"CODE_SIGN_IDENTITY[sdk=iphoneos*]" = "iPhone Developer";
				INFOPLIST_FILE = SocialMosaic/Info.plist;
				LD_RUNPATH_SEARCH_PATHS = "$(inherited) @executable_path/Frameworks";
				PRODUCT_BUNDLE_IDENTIFIER = com.getsocialmosaic.SocialMosaic;
				PRODUCT_NAME = "$(TARGET_NAME)";
				PROVISIONING_PROFILE = "";
			};
			name = Release;
		};
/* End XCBuildConfiguration section */

/* Begin XCConfigurationList section */
		ECFEE94B1BFEA7EB004E04AF /* Build configuration list for PBXProject "SocialMosaic" */ = {
			isa = XCConfigurationList;
			buildConfigurations = (
				ECFEE9651BFEA7EB004E04AF /* Debug */,
				ECFEE9661BFEA7EB004E04AF /* Release */,
			);
			defaultConfigurationIsVisible = 0;
			defaultConfigurationName = Release;
		};
		ECFEE9671BFEA7EB004E04AF /* Build configuration list for PBXNativeTarget "SocialMosaic" */ = {
			isa = XCConfigurationList;
			buildConfigurations = (
				ECFEE9681BFEA7EB004E04AF /* Debug */,
				ECFEE9691BFEA7EB004E04AF /* Release */,
			);
			defaultConfigurationIsVisible = 0;
			defaultConfigurationName = Release;
		};
/* End XCConfigurationList section */
	};
	rootObject = ECFEE9481BFEA7EB004E04AF /* Project object */;
}
