// !$*UTF8*$!
{
	archiveVersion = 1;
	classes = {
	};
	objectVersion = 46;
	objects = {

/* Begin PBXBuildFile section */
		EC5440961BFEC463001E3005 /* GridView.m in Sources */ = {isa = PBXBuildFile; fileRef = EC5440951BFEC463001E3005 /* GridView.m */; };
		ECFEE9551BFEA7EB004E04AF /* main.m in Sources */ = {isa = PBXBuildFile; fileRef = ECFEE9541BFEA7EB004E04AF /* main.m */; };
		ECFEE9581BFEA7EB004E04AF /* AppDelegate.m in Sources */ = {isa = PBXBuildFile; fileRef = ECFEE9571BFEA7EB004E04AF /* AppDelegate.m */; };
		ECFEE95B1BFEA7EB004E04AF /* TilesViewController.m in Sources */ = {isa = PBXBuildFile; fileRef = ECFEE95A1BFEA7EB004E04AF /* TilesViewController.m */; };
		ECFEE95E1BFEA7EB004E04AF /* Main.storyboard in Resources */ = {isa = PBXBuildFile; fileRef = ECFEE95C1BFEA7EB004E04AF /* Main.storyboard */; };
		ECFEE9601BFEA7EB004E04AF /* Assets.xcassets in Resources */ = {isa = PBXBuildFile; fileRef = ECFEE95F1BFEA7EB004E04AF /* Assets.xcassets */; };
		ECFEE9631BFEA7EB004E04AF /* LaunchScreen.storyboard in Resources */ = {isa = PBXBuildFile; fileRef = ECFEE9611BFEA7EB004E04AF /* LaunchScreen.storyboard */; };
/* End PBXBuildFile section */

/* Begin PBXFileReference section */
		EC5440941BFEC463001E3005 /* GridView.h */ = {isa = PBXFileReference; fileEncoding = 4; lastKnownFileType = sourcecode.c.h; path = GridView.h; sourceTree = "<group>"; };
		EC5440951BFEC463001E3005 /* GridView.m */ = {isa = PBXFileReference; fileEncoding = 4; lastKnownFileType = sourcecode.c.objc; path = GridView.m; sourceTree = "<group>"; };
		ECFEE9501BFEA7EB004E04AF /* SocialMosaic.app */ = {isa = PBXFileReference; explicitFileType = wrapper.application; includeInIndex = 0; path = SocialMosaic.app; sourceTree = BUILT_PRODUCTS_DIR; };
		ECFEE9541BFEA7EB004E04AF /* main.m */ = {isa = PBXFileReference; lastKnownFileType = sourcecode.c.objc; path = main.m; sourceTree = "<group>"; };
		ECFEE9561BFEA7EB004E04AF /* AppDelegate.h */ = {isa = PBXFileReference; lastKnownFileType = sourcecode.c.h; path = AppDelegate.h; sourceTree = "<group>"; };
		ECFEE9571BFEA7EB004E04AF /* AppDelegate.m */ = {isa = PBXFileReference; lastKnownFileType = sourcecode.c.objc; path = AppDelegate.m; sourceTree = "<group>"; };
		ECFEE9591BFEA7EB004E04AF /* TilesViewController.h */ = {isa = PBXFileReference; lastKnownFileType = sourcecode.c.h; path = TilesViewController.h; sourceTree = "<group>"; };
		ECFEE95A1BFEA7EB004E04AF /* TilesViewController.m */ = {isa = PBXFileReference; lastKnownFileType = sourcecode.c.objc; path = TilesViewController.m; sourceTree = "<group>"; };
		ECFEE95D1BFEA7EB004E04AF /* Base */ = {isa = PBXFileReference; lastKnownFileType = file.storyboard; name = Base; path = Base.lproj/Main.storyboard; sourceTree = "<group>"; };
		ECFEE95F1BFEA7EB004E04AF /* Assets.xcassets */ = {isa = PBXFileReference; lastKnownFileType = folder.assetcatalog; path = Assets.xcassets; sourceTree = "<group>"; };
		ECFEE9621BFEA7EB004E04AF /* Base */ = {isa = PBXFileReference; lastKnownFileType = file.storyboard; name = Base; path = Base.lproj/LaunchScreen.storyboard; sourceTree = "<group>"; };
		ECFEE9641BFEA7EB004E04AF /* Info.plist */ = {isa = PBXFileReference; lastKnownFileType = text.plist.xml; path = Info.plist; sourceTree = "<group>"; };
/* End PBXFileReference section */

/* Begin PBXFrameworksBuildPhase section */
		ECFEE94D1BFEA7EB004E04AF /* Frameworks */ = {
			isa = PBXFrameworksBuildPhase;
			buildActionMask = 2147483647;
			files = (
			);
			runOnlyForDeploymentPostprocessing = 0;
		};
/* End PBXFrameworksBuildPhase section */

/* Begin PBXGroup section */
		EC5440921BFEC3D9001E3005 /* View Controllers */ = {
			isa = PBXGroup;
			children = (
				ECFEE9591BFEA7EB004E04AF /* TilesViewController.h */,
				ECFEE95A1BFEA7EB004E04AF /* TilesViewController.m */,
			);
			name = "View Controllers";
			sourceTree = "<group>";
		};
		EC5440931BFEC3E4001E3005 /* Views */ = {
			isa = PBXGroup;
			children = (
				EC5440941BFEC463001E3005 /* GridView.h */,
				EC5440951BFEC463001E3005 /* GridView.m */,
			);
			name = Views;
			sourceTree = "<group>";
		};
		ECFEE9471BFEA7EB004E04AF = {
			isa = PBXGroup;
			children = (
				ECFEE9521BFEA7EB004E04AF /* SocialMosaic */,
				ECFEE9511BFEA7EB004E04AF /* Products */,
			);
			sourceTree = "<group>";
		};
		ECFEE9511BFEA7EB004E04AF /* Products */ = {
			isa = PBXGroup;
			children = (
				ECFEE9501BFEA7EB004E04AF /* SocialMosaic.app */,
			);
			name = Products;
			sourceTree = "<group>";
		};
		ECFEE9521BFEA7EB004E04AF /* SocialMosaic */ = {
			isa = PBXGroup;
			children = (
				EC5440931BFEC3E4001E3005 /* Views */,
				EC5440921BFEC3D9001E3005 /* View Controllers */,
				ECFEE9561BFEA7EB004E04AF /* AppDelegate.h */,
				ECFEE9571BFEA7EB004E04AF /* AppDelegate.m */,
				ECFEE95C1BFEA7EB004E04AF /* Main.storyboard */,
				ECFEE95F1BFEA7EB004E04AF /* Assets.xcassets */,
				ECFEE9611BFEA7EB004E04AF /* LaunchScreen.storyboard */,
				ECFEE9641BFEA7EB004E04AF /* Info.plist */,
				ECFEE9531BFEA7EB004E04AF /* Supporting Files */,
			);
			path = SocialMosaic;
			sourceTree = "<group>";
		};
		ECFEE9531BFEA7EB004E04AF /* Supporting Files */ = {
			isa = PBXGroup;
			children = (
				ECFEE9541BFEA7EB004E04AF /* main.m */,
			);
			name = "Supporting Files";
			sourceTree = "<group>";
		};
/* End PBXGroup section */

/* Begin PBXNativeTarget section */
		ECFEE94F1BFEA7EB004E04AF /* SocialMosaic */ = {
			isa = PBXNativeTarget;
			buildConfigurationList = ECFEE9671BFEA7EB004E04AF /* Build configuration list for PBXNativeTarget "SocialMosaic" */;
			buildPhases = (
				ECFEE94C1BFEA7EB004E04AF /* Sources */,
				ECFEE94D1BFEA7EB004E04AF /* Frameworks */,
				ECFEE94E1BFEA7EB004E04AF /* Resources */,
			);
			buildRules = (
			);
			dependencies = (
			);
			name = SocialMosaic;
			productName = SocialMosaic;
			productReference = ECFEE9501BFEA7EB004E04AF /* SocialMosaic.app */;
			productType = "com.apple.product-type.application";
		};
/* End PBXNativeTarget section */

/* Begin PBXProject section */
		ECFEE9481BFEA7EB004E04AF /* Project object */ = {
			isa = PBXProject;
			attributes = {
				LastUpgradeCheck = 0710;
				ORGANIZATIONNAME = SocialMosaic;
				TargetAttributes = {
					ECFEE94F1BFEA7EB004E04AF = {
						CreatedOnToolsVersion = 7.1;
					};
				};
			};
			buildConfigurationList = ECFEE94B1BFEA7EB004E04AF /* Build configuration list for PBXProject "SocialMosaic" */;
			compatibilityVersion = "Xcode 3.2";
			developmentRegion = English;
			hasScannedForEncodings = 0;
			knownRegions = (
				en,
				Base,
			);
			mainGroup = ECFEE9471BFEA7EB004E04AF;
			productRefGroup = ECFEE9511BFEA7EB004E04AF /* Products */;
			projectDirPath = "";
			projectRoot = "";
			targets = (
				ECFEE94F1BFEA7EB004E04AF /* SocialMosaic */,
			);
		};
/* End PBXProject section */

/* Begin PBXResourcesBuildPhase section */
		ECFEE94E1BFEA7EB004E04AF /* Resources */ = {
			isa = PBXResourcesBuildPhase;
			buildActionMask = 2147483647;
			files = (
				ECFEE9631BFEA7EB004E04AF /* LaunchScreen.storyboard in Resources */,
				ECFEE9601BFEA7EB004E04AF /* Assets.xcassets in Resources */,
				ECFEE95E1BFEA7EB004E04AF /* Main.storyboard in Resources */,
			);
			runOnlyForDeploymentPostprocessing = 0;
		};
/* End PBXResourcesBuildPhase section */

/* Begin PBXSourcesBuildPhase section */
		ECFEE94C1BFEA7EB004E04AF /* Sources */ = {
			isa = PBXSourcesBuildPhase;
			buildActionMask = 2147483647;
			files = (
				ECFEE95B1BFEA7EB004E04AF /* TilesViewController.m in Sources */,
				ECFEE9581BFEA7EB004E04AF /* AppDelegate.m in Sources */,
				EC5440961BFEC463001E3005 /* GridView.m in Sources */,
				ECFEE9551BFEA7EB004E04AF /* main.m in Sources */,
			);
			runOnlyForDeploymentPostprocessing = 0;
		};
/* End PBXSourcesBuildPhase section */

/* Begin PBXVariantGroup section */
		ECFEE95C1BFEA7EB004E04AF /* Main.storyboard */ = {
			isa = PBXVariantGroup;
			children = (
				ECFEE95D1BFEA7EB004E04AF /* Base */,
			);
			name = Main.storyboard;
			sourceTree = "<group>";
		};
		ECFEE9611BFEA7EB004E04AF /* LaunchScreen.storyboard */ = {
			isa = PBXVariantGroup;
			children = (
				ECFEE9621BFEA7EB004E04AF /* Base */,
			);
			name = LaunchScreen.storyboard;
			sourceTree = "<group>";
		};
/* End PBXVariantGroup section */

/* Begin XCBuildConfiguration section */
		ECFEE9651BFEA7EB004E04AF /* Debug */ = {
			isa = XCBuildConfiguration;
			buildSettings = {
				ALWAYS_SEARCH_USER_PATHS = NO;
				CLANG_CXX_LANGUAGE_STANDARD = "gnu++0x";
				CLANG_CXX_LIBRARY = "libc++";
				CLANG_ENABLE_MODULES = YES;
				CLANG_ENABLE_OBJC_ARC = YES;
				CLANG_WARN_BOOL_CONVERSION = YES;
				CLANG_WARN_CONSTANT_CONVERSION = YES;
				CLANG_WARN_DIRECT_OBJC_ISA_USAGE = YES_ERROR;
				CLANG_WARN_EMPTY_BODY = YES;
				CLANG_WARN_ENUM_CONVERSION = YES;
				CLANG_WARN_INT_CONVERSION = YES;
				CLANG_WARN_OBJC_ROOT_CLASS = YES_ERROR;
				CLANG_WARN_UNREACHABLE_CODE = YES;
				CLANG_WARN__DUPLICATE_METHOD_MATCH = YES;
				"CODE_SIGN_IDENTITY[sdk=iphoneos*]" = "iPhone Developer";
				COPY_PHASE_STRIP = NO;
				DEBUG_INFORMATION_FORMAT = dwarf;
				ENABLE_STRICT_OBJC_MSGSEND = YES;
				ENABLE_TESTABILITY = YES;
				GCC_C_LANGUAGE_STANDARD = gnu99;
				GCC_DYNAMIC_NO_PIC = NO;
				GCC_NO_COMMON_BLOCKS = YES;
				GCC_OPTIMIZATION_LEVEL = 0;
				GCC_PREPROCESSOR_DEFINITIONS = (
					"DEBUG=1",
					"$(inherited)",
				);
				GCC_WARN_64_TO_32_BIT_CONVERSION = YES;
				GCC_WARN_ABOUT_RETURN_TYPE = YES_ERROR;
				GCC_WARN_UNDECLARED_SELECTOR = YES;
				GCC_WARN_UNINITIALIZED_AUTOS = YES_AGGRESSIVE;
				GCC_WARN_UNUSED_FUNCTION = YES;
				GCC_WARN_UNUSED_VARIABLE = YES;
				IPHONEOS_DEPLOYMENT_TARGET = 9.1;
				MTL_ENABLE_DEBUG_INFO = YES;
				ONLY_ACTIVE_ARCH = YES;
				SDKROOT = iphoneos;
				TARGETED_DEVICE_FAMILY = "1,2";
			};
			name = Debug;
		};
		ECFEE9661BFEA7EB004E04AF /* Release */ = {
			isa = XCBuildConfiguration;
			buildSettings = {
				ALWAYS_SEARCH_USER_PATHS = NO;
				CLANG_CXX_LANGUAGE_STANDARD = "gnu++0x";
				CLANG_CXX_LIBRARY = "libc++";
				CLANG_ENABLE_MODULES = YES;
				CLANG_ENABLE_OBJC_ARC = YES;
				CLANG_WARN_BOOL_CONVERSION = YES;
				CLANG_WARN_CONSTANT_CONVERSION = YES;
				CLANG_WARN_DIRECT_OBJC_ISA_USAGE = YES_ERROR;
				CLANG_WARN_EMPTY_BODY = YES;
				CLANG_WARN_ENUM_CONVERSION = YES;
				CLANG_WARN_INT_CONVERSION = YES;
				CLANG_WARN_OBJC_ROOT_CLASS = YES_ERROR;
				CLANG_WARN_UNREACHABLE_CODE = YES;
				CLANG_WARN__DUPLICATE_METHOD_MATCH = YES;
				"CODE_SIGN_IDENTITY[sdk=iphoneos*]" = "iPhone Developer";
				COPY_PHASE_STRIP = NO;
				DEBUG_INFORMATION_FORMAT = "dwarf-with-dsym";
				ENABLE_NS_ASSERTIONS = NO;
				ENABLE_STRICT_OBJC_MSGSEND = YES;
				GCC_C_LANGUAGE_STANDARD = gnu99;
				GCC_NO_COMMON_BLOCKS = YES;
				GCC_WARN_64_TO_32_BIT_CONVERSION = YES;
				GCC_WARN_ABOUT_RETURN_TYPE = YES_ERROR;
				GCC_WARN_UNDECLARED_SELECTOR = YES;
				GCC_WARN_UNINITIALIZED_AUTOS = YES_AGGRESSIVE;
				GCC_WARN_UNUSED_FUNCTION = YES;
				GCC_WARN_UNUSED_VARIABLE = YES;
				IPHONEOS_DEPLOYMENT_TARGET = 9.1;
				MTL_ENABLE_DEBUG_INFO = NO;
				SDKROOT = iphoneos;
				TARGETED_DEVICE_FAMILY = "1,2";
				VALIDATE_PRODUCT = YES;
			};
			name = Release;
		};
		ECFEE9681BFEA7EB004E04AF /* Debug */ = {
			isa = XCBuildConfiguration;
			buildSettings = {
				ASSETCATALOG_COMPILER_APPICON_NAME = AppIcon;
				INFOPLIST_FILE = SocialMosaic/Info.plist;
				LD_RUNPATH_SEARCH_PATHS = "$(inherited) @executable_path/Frameworks";
				PRODUCT_BUNDLE_IDENTIFIER = com.getsocialmosaic.SocialMosaic;
				PRODUCT_NAME = "$(TARGET_NAME)";
			};
			name = Debug;
		};
		ECFEE9691BFEA7EB004E04AF /* Release */ = {
			isa = XCBuildConfiguration;
			buildSettings = {
				ASSETCATALOG_COMPILER_APPICON_NAME = AppIcon;
				INFOPLIST_FILE = SocialMosaic/Info.plist;
				LD_RUNPATH_SEARCH_PATHS = "$(inherited) @executable_path/Frameworks";
				PRODUCT_BUNDLE_IDENTIFIER = com.getsocialmosaic.SocialMosaic;
				PRODUCT_NAME = "$(TARGET_NAME)";
			};
			name = Release;
		};
/* End XCBuildConfiguration section */

/* Begin XCConfigurationList section */
		ECFEE94B1BFEA7EB004E04AF /* Build configuration list for PBXProject "SocialMosaic" */ = {
			isa = XCConfigurationList;
			buildConfigurations = (
				ECFEE9651BFEA7EB004E04AF /* Debug */,
				ECFEE9661BFEA7EB004E04AF /* Release */,
			);
			defaultConfigurationIsVisible = 0;
			defaultConfigurationName = Release;
		};
		ECFEE9671BFEA7EB004E04AF /* Build configuration list for PBXNativeTarget "SocialMosaic" */ = {
			isa = XCConfigurationList;
			buildConfigurations = (
				ECFEE9681BFEA7EB004E04AF /* Debug */,
				ECFEE9691BFEA7EB004E04AF /* Release */,
			);
			defaultConfigurationIsVisible = 0;
			defaultConfigurationName = Release;
		};
/* End XCConfigurationList section */
	};
	rootObject = ECFEE9481BFEA7EB004E04AF /* Project object */;
}
